
Microsoft Visual Studio Solution File, Format Version 12.00
# Visual Studio Version 16
VisualStudioVersion = 16.0.29905.134
MinimumVisualStudioVersion = 10.0.40219.1
Project("{FAE04EC0-301F-11D3-BF4B-00C04F79EFBC}") = "Message_Exchange_Through_PKC_Server", "Message_Exchange_Through_PKC_Server\Message_Exchange_Through_PKC_Server.csproj", "{E7BD8788-9A1D-48B4-92C9-67BFADF7F0DA}"
EndProject
Project("{FAE04EC0-301F-11D3-BF4B-00C04F79EFBC}") = "Message_Exchange_Through_PKC_Client", "Message_Exchange_Through_PKC_Client\Message_Exchange_Through_PKC_Client.csproj", "{938CA2E6-E506-47BC-A76B-F035A9992FEF}"
EndProject
Global
	GlobalSection(SolutionConfigurationPlatforms) = preSolution
		Debug|Any CPU = Debug|Any CPU
		Release|Any CPU = Release|Any CPU
	EndGlobalSection
	GlobalSection(ProjectConfigurationPlatforms) = postSolution
		{E7BD8788-9A1D-48B4-92C9-67BFADF7F0DA}.Debug|Any CPU.ActiveCfg = Debug|Any CPU
		{E7BD8788-9A1D-48B4-92C9-67BFADF7F0DA}.Debug|Any CPU.Build.0 = Debug|Any CPU
		{E7BD8788-9A1D-48B4-92C9-67BFADF7F0DA}.Release|Any CPU.ActiveCfg = Release|Any CPU
		{E7BD8788-9A1D-48B4-92C9-67BFADF7F0DA}.Release|Any CPU.Build.0 = Release|Any CPU
		{938CA2E6-E506-47BC-A76B-F035A9992FEF}.Debug|Any CPU.ActiveCfg = Debug|Any CPU
		{938CA2E6-E506-47BC-A76B-F035A9992FEF}.Debug|Any CPU.Build.0 = Debug|Any CPU
		{938CA2E6-E506-47BC-A76B-F035A9992FEF}.Release|Any CPU.ActiveCfg = Release|Any CPU
		{938CA2E6-E506-47BC-A76B-F035A9992FEF}.Release|Any CPU.Build.0 = Release|Any CPU
	EndGlobalSection
	GlobalSection(SolutionProperties) = preSolution
		HideSolutionNode = FALSE
	EndGlobalSection
	GlobalSection(ExtensibilityGlobals) = postSolution
		SolutionGuid = {B8879AA7-4DA6-4764-B45A-3E0B23F17747}
	EndGlobalSection
EndGlobal
